schema: '2.0'
stages:
  train@model1:
    cmd: python src/train.py model1 data/model1
    deps:
    - path: data/model1
      hash: md5
      md5: d1de636ad88beea7196d41788df61245
      size: 12
    - path: src/train.py
      hash: md5
      md5: a60b476dfba2d06d882b62cdc02a38cd
      size: 783
    outs:
    - path: models/model1
      hash: md5
      md5: d1de636ad88beea7196d41788df61245
      size: 12
  train@model2:
    cmd: python src/train.py model2 data/model2
    deps:
    - path: data/model2
      hash: md5
      md5: 38be5bfe190fa5b69ecaf726efa4396e
      size: 12
    - path: src/train.py
      hash: md5
      md5: a60b476dfba2d06d882b62cdc02a38cd
      size: 783
    outs:
    - path: models/model2
      hash: md5
      md5: 38be5bfe190fa5b69ecaf726efa4396e
      size: 12
  train@model3:
    cmd: python src/train.py model3 data/model3
    deps:
    - path: data/model3
      hash: md5
      md5: 4b135a10fd73046768cc3451a8a84a75
      size: 12
    - path: src/train.py
      hash: md5
      md5: a60b476dfba2d06d882b62cdc02a38cd
      size: 783
    outs:
    - path: models/model3
      hash: md5
      md5: 4b135a10fd73046768cc3451a8a84a75
      size: 12
